// !$*UTF8*$!
{
	archiveVersion = 1;
	classes = {
	};
	objectVersion = 77;
	objects = {

/* Begin PBXBuildFile section */
		9E04698E2E7169FD000F4EF3 /* Auth0 in Frameworks */ = {isa = PBXBuildFile; productRef = 9E04698D2E7169FD000F4EF3 /* Auth0 */; };
		9E679E3B2E75F6CC00B3261B /* omnibin Share Extension.appex in Embed Foundation Extensions */ = {isa = PBXBuildFile; fileRef = 9E679E312E75F6CC00B3261B /* omnibin Share Extension.appex */; settings = {ATTRIBUTES = (RemoveHeadersOnCopy, ); }; };
/* End PBXBuildFile section */

/* Begin PBXContainerItemProxy section */
		9E57EB5F2E6CB3C500C01E7B /* PBXContainerItemProxy */ = {
			isa = PBXContainerItemProxy;
			containerPortal = 9E57EB482E6CB3C400C01E7B /* Project object */;
			proxyType = 1;
			remoteGlobalIDString = 9E57EB4F2E6CB3C400C01E7B;
			remoteInfo = omnibin;
		};
		9E57EB692E6CB3C500C01E7B /* PBXContainerItemProxy */ = {
			isa = PBXContainerItemProxy;
			containerPortal = 9E57EB482E6CB3C400C01E7B /* Project object */;
			proxyType = 1;
			remoteGlobalIDString = 9E57EB4F2E6CB3C400C01E7B;
			remoteInfo = omnibin;
		};
		9E679E392E75F6CC00B3261B /* PBXContainerItemProxy */ = {
			isa = PBXContainerItemProxy;
			containerPortal = 9E57EB482E6CB3C400C01E7B /* Project object */;
			proxyType = 1;
			remoteGlobalIDString = 9E679E302E75F6CC00B3261B;
			remoteInfo = "omnibin Share Extension";
		};
/* End PBXContainerItemProxy section */

/* Begin PBXCopyFilesBuildPhase section */
		9E679E3C2E75F6CC00B3261B /* Embed Foundation Extensions */ = {
			isa = PBXCopyFilesBuildPhase;
			buildActionMask = 2147483647;
			dstPath = "";
			dstSubfolderSpec = 13;
			files = (
				9E679E3B2E75F6CC00B3261B /* omnibin Share Extension.appex in Embed Foundation Extensions */,
			);
			name = "Embed Foundation Extensions";
			runOnlyForDeploymentPostprocessing = 0;
		};
/* End PBXCopyFilesBuildPhase section */

/* Begin PBXFileReference section */
		9E57EB502E6CB3C400C01E7B /* omnibin.app */ = {isa = PBXFileReference; explicitFileType = wrapper.application; includeInIndex = 0; path = omnibin.app; sourceTree = BUILT_PRODUCTS_DIR; };
		9E57EB5E2E6CB3C500C01E7B /* omnibinTests.xctest */ = {isa = PBXFileReference; explicitFileType = wrapper.cfbundle; includeInIndex = 0; path = omnibinTests.xctest; sourceTree = BUILT_PRODUCTS_DIR; };
		9E57EB682E6CB3C500C01E7B /* omnibinUITests.xctest */ = {isa = PBXFileReference; explicitFileType = wrapper.cfbundle; includeInIndex = 0; path = omnibinUITests.xctest; sourceTree = BUILT_PRODUCTS_DIR; };
		9E679E312E75F6CC00B3261B /* omnibin Share Extension.appex */ = {isa = PBXFileReference; explicitFileType = "wrapper.app-extension"; includeInIndex = 0; path = "omnibin Share Extension.appex"; sourceTree = BUILT_PRODUCTS_DIR; };
/* End PBXFileReference section */

/* Begin PBXFileSystemSynchronizedBuildFileExceptionSet section */
		9E679E3F2E75F6CC00B3261B /* Exceptions for "omnibin Share Extension" folder in "omnibin Share Extension" target */ = {
			isa = PBXFileSystemSynchronizedBuildFileExceptionSet;
			membershipExceptions = (
				Info.plist,
			);
			target = 9E679E302E75F6CC00B3261B /* omnibin Share Extension */;
		};
/* End PBXFileSystemSynchronizedBuildFileExceptionSet section */

/* Begin PBXFileSystemSynchronizedRootGroup section */
		9E57EB522E6CB3C400C01E7B /* omnibin */ = {
			isa = PBXFileSystemSynchronizedRootGroup;
			path = omnibin;
			sourceTree = "<group>";
		};
		9E57EB612E6CB3C500C01E7B /* omnibinTests */ = {
			isa = PBXFileSystemSynchronizedRootGroup;
			path = omnibinTests;
			sourceTree = "<group>";
		};
		9E57EB6B2E6CB3C500C01E7B /* omnibinUITests */ = {
			isa = PBXFileSystemSynchronizedRootGroup;
			path = omnibinUITests;
			sourceTree = "<group>";
		};
		9E679E322E75F6CC00B3261B /* omnibin Share Extension */ = {
			isa = PBXFileSystemSynchronizedRootGroup;
			exceptions = (
				9E679E3F2E75F6CC00B3261B /* Exceptions for "omnibin Share Extension" folder in "omnibin Share Extension" target */,
			);
			path = "omnibin Share Extension";
			sourceTree = "<group>";
		};
/* End PBXFileSystemSynchronizedRootGroup section */

/* Begin PBXFrameworksBuildPhase section */
		9E57EB4D2E6CB3C400C01E7B /* Frameworks */ = {
			isa = PBXFrameworksBuildPhase;
			buildActionMask = 2147483647;
			files = (
				9E04698E2E7169FD000F4EF3 /* Auth0 in Frameworks */,
			);
			runOnlyForDeploymentPostprocessing = 0;
		};
		9E57EB5B2E6CB3C500C01E7B /* Frameworks */ = {
			isa = PBXFrameworksBuildPhase;
			buildActionMask = 2147483647;
			files = (
			);
			runOnlyForDeploymentPostprocessing = 0;
		};
		9E57EB652E6CB3C500C01E7B /* Frameworks */ = {
			isa = PBXFrameworksBuildPhase;
			buildActionMask = 2147483647;
			files = (
			);
			runOnlyForDeploymentPostprocessing = 0;
		};
		9E679E2E2E75F6CC00B3261B /* Frameworks */ = {
			isa = PBXFrameworksBuildPhase;
			buildActionMask = 2147483647;
			files = (
			);
			runOnlyForDeploymentPostprocessing = 0;
		};
/* End PBXFrameworksBuildPhase section */

/* Begin PBXGroup section */
		9E57EB472E6CB3C400C01E7B = {
			isa = PBXGroup;
			children = (
				9E57EB522E6CB3C400C01E7B /* omnibin */,
				9E57EB612E6CB3C500C01E7B /* omnibinTests */,
				9E57EB6B2E6CB3C500C01E7B /* omnibinUITests */,
				9E679E322E75F6CC00B3261B /* omnibin Share Extension */,
				9E57EB512E6CB3C400C01E7B /* Products */,
			);
			sourceTree = "<group>";
		};
		9E57EB512E6CB3C400C01E7B /* Products */ = {
			isa = PBXGroup;
			children = (
				9E57EB502E6CB3C400C01E7B /* omnibin.app */,
				9E57EB5E2E6CB3C500C01E7B /* omnibinTests.xctest */,
				9E57EB682E6CB3C500C01E7B /* omnibinUITests.xctest */,
				9E679E312E75F6CC00B3261B /* omnibin Share Extension.appex */,
			);
			name = Products;
			sourceTree = "<group>";
		};
/* End PBXGroup section */

/* Begin PBXNativeTarget section */
		9E57EB4F2E6CB3C400C01E7B /* omnibin */ = {
			isa = PBXNativeTarget;
			buildConfigurationList = 9E57EB722E6CB3C500C01E7B /* Build configuration list for PBXNativeTarget "omnibin" */;
			buildPhases = (
				9E57EB4C2E6CB3C400C01E7B /* Sources */,
				9E57EB4D2E6CB3C400C01E7B /* Frameworks */,
				9E57EB4E2E6CB3C400C01E7B /* Resources */,
				9E679E3C2E75F6CC00B3261B /* Embed Foundation Extensions */,
			);
			buildRules = (
			);
			dependencies = (
				9E679E3A2E75F6CC00B3261B /* PBXTargetDependency */,
			);
			fileSystemSynchronizedGroups = (
				9E57EB522E6CB3C400C01E7B /* omnibin */,
			);
			name = omnibin;
			packageProductDependencies = (
				9E04698D2E7169FD000F4EF3 /* Auth0 */,
			);
			productName = omnibin;
			productReference = 9E57EB502E6CB3C400C01E7B /* omnibin.app */;
			productType = "com.apple.product-type.application";
		};
		9E57EB5D2E6CB3C500C01E7B /* omnibinTests */ = {
			isa = PBXNativeTarget;
			buildConfigurationList = 9E57EB752E6CB3C500C01E7B /* Build configuration list for PBXNativeTarget "omnibinTests" */;
			buildPhases = (
				9E57EB5A2E6CB3C500C01E7B /* Sources */,
				9E57EB5B2E6CB3C500C01E7B /* Frameworks */,
				9E57EB5C2E6CB3C500C01E7B /* Resources */,
			);
			buildRules = (
			);
			dependencies = (
				9E57EB602E6CB3C500C01E7B /* PBXTargetDependency */,
			);
			fileSystemSynchronizedGroups = (
				9E57EB612E6CB3C500C01E7B /* omnibinTests */,
			);
			name = omnibinTests;
			packageProductDependencies = (
			);
			productName = omnibinTests;
			productReference = 9E57EB5E2E6CB3C500C01E7B /* omnibinTests.xctest */;
			productType = "com.apple.product-type.bundle.unit-test";
		};
		9E57EB672E6CB3C500C01E7B /* omnibinUITests */ = {
			isa = PBXNativeTarget;
			buildConfigurationList = 9E57EB782E6CB3C500C01E7B /* Build configuration list for PBXNativeTarget "omnibinUITests" */;
			buildPhases = (
				9E57EB642E6CB3C500C01E7B /* Sources */,
				9E57EB652E6CB3C500C01E7B /* Frameworks */,
				9E57EB662E6CB3C500C01E7B /* Resources */,
			);
			buildRules = (
			);
			dependencies = (
				9E57EB6A2E6CB3C500C01E7B /* PBXTargetDependency */,
			);
			fileSystemSynchronizedGroups = (
				9E57EB6B2E6CB3C500C01E7B /* omnibinUITests */,
			);
			name = omnibinUITests;
			packageProductDependencies = (
			);
			productName = omnibinUITests;
			productReference = 9E57EB682E6CB3C500C01E7B /* omnibinUITests.xctest */;
			productType = "com.apple.product-type.bundle.ui-testing";
		};
		9E679E302E75F6CC00B3261B /* omnibin Share Extension */ = {
			isa = PBXNativeTarget;
			buildConfigurationList = 9E679E402E75F6CC00B3261B /* Build configuration list for PBXNativeTarget "omnibin Share Extension" */;
			buildPhases = (
				9E679E2D2E75F6CC00B3261B /* Sources */,
				9E679E2E2E75F6CC00B3261B /* Frameworks */,
				9E679E2F2E75F6CC00B3261B /* Resources */,
			);
			buildRules = (
			);
			dependencies = (
			);
			fileSystemSynchronizedGroups = (
				9E679E322E75F6CC00B3261B /* omnibin Share Extension */,
			);
			name = "omnibin Share Extension";
			packageProductDependencies = (
			);
			productName = "omnibin Share Extension";
			productReference = 9E679E312E75F6CC00B3261B /* omnibin Share Extension.appex */;
			productType = "com.apple.product-type.app-extension";
		};
/* End PBXNativeTarget section */

/* Begin PBXProject section */
		9E57EB482E6CB3C400C01E7B /* Project object */ = {
			isa = PBXProject;
			attributes = {
				BuildIndependentTargetsInParallel = 1;
				LastSwiftUpdateCheck = 1640;
				LastUpgradeCheck = 1640;
				TargetAttributes = {
					9E57EB4F2E6CB3C400C01E7B = {
						CreatedOnToolsVersion = 16.4;
					};
					9E57EB5D2E6CB3C500C01E7B = {
						CreatedOnToolsVersion = 16.4;
						TestTargetID = 9E57EB4F2E6CB3C400C01E7B;
					};
					9E57EB672E6CB3C500C01E7B = {
						CreatedOnToolsVersion = 16.4;
						TestTargetID = 9E57EB4F2E6CB3C400C01E7B;
					};
					9E679E302E75F6CC00B3261B = {
						CreatedOnToolsVersion = 16.4;
					};
				};
			};
			buildConfigurationList = 9E57EB4B2E6CB3C400C01E7B /* Build configuration list for PBXProject "omnibin" */;
			developmentRegion = en;
			hasScannedForEncodings = 0;
			knownRegions = (
				en,
				Base,
			);
			mainGroup = 9E57EB472E6CB3C400C01E7B;
			minimizedProjectReferenceProxies = 1;
			packageReferences = (
				9E04698C2E7169FD000F4EF3 /* XCRemoteSwiftPackageReference "Auth0" */,
			);
			preferredProjectObjectVersion = 77;
			productRefGroup = 9E57EB512E6CB3C400C01E7B /* Products */;
			projectDirPath = "";
			projectRoot = "";
			targets = (
				9E57EB4F2E6CB3C400C01E7B /* omnibin */,
				9E57EB5D2E6CB3C500C01E7B /* omnibinTests */,
				9E57EB672E6CB3C500C01E7B /* omnibinUITests */,
				9E679E302E75F6CC00B3261B /* omnibin Share Extension */,
			);
		};
/* End PBXProject section */

/* Begin PBXResourcesBuildPhase section */
		9E57EB4E2E6CB3C400C01E7B /* Resources */ = {
			isa = PBXResourcesBuildPhase;
			buildActionMask = 2147483647;
			files = (
			);
			runOnlyForDeploymentPostprocessing = 0;
		};
		9E57EB5C2E6CB3C500C01E7B /* Resources */ = {
			isa = PBXResourcesBuildPhase;
			buildActionMask = 2147483647;
			files = (
			);
			runOnlyForDeploymentPostprocessing = 0;
		};
		9E57EB662E6CB3C500C01E7B /* Resources */ = {
			isa = PBXResourcesBuildPhase;
			buildActionMask = 2147483647;
			files = (
			);
			runOnlyForDeploymentPostprocessing = 0;
		};
		9E679E2F2E75F6CC00B3261B /* Resources */ = {
			isa = PBXResourcesBuildPhase;
			buildActionMask = 2147483647;
			files = (
			);
			runOnlyForDeploymentPostprocessing = 0;
		};
/* End PBXResourcesBuildPhase section */

/* Begin PBXSourcesBuildPhase section */
		9E57EB4C2E6CB3C400C01E7B /* Sources */ = {
			isa = PBXSourcesBuildPhase;
			buildActionMask = 2147483647;
			files = (
			);
			runOnlyForDeploymentPostprocessing = 0;
		};
		9E57EB5A2E6CB3C500C01E7B /* Sources */ = {
			isa = PBXSourcesBuildPhase;
			buildActionMask = 2147483647;
			files = (
			);
			runOnlyForDeploymentPostprocessing = 0;
		};
		9E57EB642E6CB3C500C01E7B /* Sources */ = {
			isa = PBXSourcesBuildPhase;
			buildActionMask = 2147483647;
			files = (
			);
			runOnlyForDeploymentPostprocessing = 0;
		};
		9E679E2D2E75F6CC00B3261B /* Sources */ = {
			isa = PBXSourcesBuildPhase;
			buildActionMask = 2147483647;
			files = (
			);
			runOnlyForDeploymentPostprocessing = 0;
		};
/* End PBXSourcesBuildPhase section */

/* Begin PBXTargetDependency section */
		9E57EB602E6CB3C500C01E7B /* PBXTargetDependency */ = {
			isa = PBXTargetDependency;
			target = 9E57EB4F2E6CB3C400C01E7B /* omnibin */;
			targetProxy = 9E57EB5F2E6CB3C500C01E7B /* PBXContainerItemProxy */;
		};
		9E57EB6A2E6CB3C500C01E7B /* PBXTargetDependency */ = {
			isa = PBXTargetDependency;
			target = 9E57EB4F2E6CB3C400C01E7B /* omnibin */;
			targetProxy = 9E57EB692E6CB3C500C01E7B /* PBXContainerItemProxy */;
		};
		9E679E3A2E75F6CC00B3261B /* PBXTargetDependency */ = {
			isa = PBXTargetDependency;
			target = 9E679E302E75F6CC00B3261B /* omnibin Share Extension */;
			targetProxy = 9E679E392E75F6CC00B3261B /* PBXContainerItemProxy */;
		};
/* End PBXTargetDependency section */

/* Begin XCBuildConfiguration section */
		9E57EB702E6CB3C500C01E7B /* Debug */ = {
			isa = XCBuildConfiguration;
			buildSettings = {
				ALWAYS_SEARCH_USER_PATHS = NO;
				ASSETCATALOG_COMPILER_GENERATE_SWIFT_ASSET_SYMBOL_EXTENSIONS = YES;
				CLANG_ANALYZER_NONNULL = YES;
				CLANG_ANALYZER_NUMBER_OBJECT_CONVERSION = YES_AGGRESSIVE;
				CLANG_CXX_LANGUAGE_STANDARD = "gnu++20";
				CLANG_ENABLE_MODULES = YES;
				CLANG_ENABLE_OBJC_ARC = YES;
				CLANG_ENABLE_OBJC_WEAR = YES;
				CLANG_WARN_BLOCK_CAPTURE_AUTORELEASING = YES;
				CLANG_WARN_BOOL_CONVERSION = YES;
				CLANG_WARN_COMMA = YES;
				CLANG_WARN_CONSTANT_CONVERSION = YES;
				CLANG_WARN_DEPRECATED_OBJC_IMPLEMENTATIONS = YES;
				CLANG_WARN_DIRECT_OBJC_ISA_USAGE = YES_ERROR;
				CLANG_WARN_DOCUMENTATION_COMMENTS = YES;
				CLANG_WARN_EMPTY_BODY = YES;
				CLANG_WARN_ENUM_CONVERSION = YES;
				CLANG_WARN_INFINITE_RECURSION = YES;
				CLANG_WARN_INT_CONVERSION = YES;
				CLANG_WARN_NON_LITERAL_NULL_CONVERSION = YES;
				CLANG_WARN_OBJC_IMPLICIT_RETAIN_SELF = YES;
				CLANG_WARN_OBJC_LITERAL_CONVERSION = YES;
				CLANG_WARN_OBJC_ROOT_CLASS = YES_ERROR;
				CLANG_WARN_QUOTED_INCLUDE_IN_FRAMEWORK_HEADER = YES;
				CLANG_WARN_RANGE_LOOP_ANALYSIS = YES;
				CLANG_WARN_STRICT_PROTOTYPES = YES;
				CLANG_WARN_SUSPICIOUS_MOVE = YES;
				CLANG_WARN_UNGUARDED_AVAILABILITY = YES_AGGRESSIVE;
				CLANG_WARN_UNREACHABLE_CODE = YES;
				CLANG_WARN__DUPLICATE_METHOD_MATCH = YES;
				COPY_PHASE_STRIP = NO;
				DEBUG_INFORMATION_FORMAT = dwarf;
				ENABLE_STRICT_OBJC_MSGSEND = YES;
				ENABLE_TESTABILITY = YES;
				ENABLE_USER_SCRIPT_SANDBOXING = YES;
				GCC_C_LANGUAGE_STANDARD = gnu17;
				GCC_DYNAMIC_NO_PIC = NO;
				GCC_NO_COMMON_BLOCKS = YES;
				GCC_OPTIMIZATION_LEVEL = 0;
				GCC_PREPROCESSOR_DEFINITIONS = (
					"DEBUG=1",
					"$(inherited)",
				);
				GCC_WARN_64_TO_32_BIT_CONVERSION = YES;
				GCC_WARN_ABOUT_RETURN_TYPE = YES_ERROR;
				GCC_WARN_UNDECLARED_SELECTOR = YES;
				GCC_WARN_UNINITIALIZED_AUTOS = YES_AGGRESSIVE;
				GCC_WARN_UNUSED_FUNCTION = YES;
				GCC_WARN_UNUSED_VARIABLE = YES;
				LOCALIZATION_PREFERS_STRING_CATALOGS = YES;
				MTL_ENABLE_DEBUG_INFO = INCLUDE_SOURCE;
				MTL_FAST_MATH = YES;
				ONLY_ACTIVE_ARCH = YES;
				SWIFT_ACTIVE_COMPILATION_CONDITIONS = "DEBUG $(inherited)";
				SWIFT_OPTIMIZATION_LEVEL = "-Onone";
			};
			name = Debug;
		};
		9E57EB712E6CB3C500C01E7B /* Release */ = {
			isa = XCBuildConfiguration;
			buildSettings = {
				ALWAYS_SEARCH_USER_PATHS = NO;
				ASSETCATALOG_COMPILER_GENERATE_SWIFT_ASSET_SYMBOL_EXTENSIONS = YES;
				CLANG_ANALYZER_NONNULL = YES;
				CLANG_ANALYZER_NUMBER_OBJECT_CONVERSION = YES_AGGRESSIVE;
				CLANG_CXX_LANGUAGE_STANDARD = "gnu++20";
				CLANG_ENABLE_MODULES = YES;
				CLANG_ENABLE_OBJC_ARC = YES;
				CLANG_ENABLE_OBJC_WEAR = YES;
				CLANG_WARN_BLOCK_CAPTURE_AUTORELEASING = YES;
				CLANG_WARN_BOOL_CONVERSION = YES;
				CLANG_WARN_COMMA = YES;
				CLANG_WARN_CONSTANT_CONVERSION = YES;
				CLANG_WARN_DEPRECATED_OBJC_IMPLEMENTATIONS = YES;
				CLANG_WARN_DIRECT_OBJC_ISA_USAGE = YES_ERROR;
				CLANG_WARN_DOCUMENTATION_COMMENTS = YES;
				CLANG_WARN_EMPTY_BODY = YES;
				CLANG_WARN_ENUM_CONVERSION = YES;
				CLANG_WARN_INFINITE_RECURSION = YES;
				CLANG_WARN_INT_CONVERSION = YES;
				CLANG_WARN_NON_LITERAL_NULL_CONVERSION = YES;
				CLANG_WARN_OBJC_IMPLICIT_RETAIN_SELF = YES;
				CLANG_WARN_OBJC_LITERAL_CONVERSION = YES;
				CLANG_WARN_OBJC_ROOT_CLASS = YES_ERROR;
				CLANG_WARN_QUOTED_INCLUDE_IN_FRAMEWORK_HEADER = YES;
				CLANG_WARN_RANGE_LOOP_ANALYSIS = YES;
				CLANG_WARN_STRICT_PROTOTYPES = YES;
				CLANG_WARN_SUSPICIOUS_MOVE = YES;
				CLANG_WARN_UNGUARDED_AVAILABILITY = YES_AGGRESSIVE;
				CLANG_WARN_UNREACHABLE_CODE = YES;
				CLANG_WARN__DUPLICATE_METHOD_MATCH = YES;
				COPY_PHASE_STRIP = NO;
				DEBUG_INFORMATION_FORMAT = "dwarf-with-dsym";
				ENABLE_NS_ASSERTIONS = NO;
				ENABLE_STRICT_OBJC_MSGSEND = YES;
				ENABLE_USER_SCRIPT_SANDBOXING = YES;
				GCC_C_LANGUAGE_STANDARD = gnu17;
				GCC_NO_COMMON_BLOCKS = YES;
				GCC_WARN_64_TO_32_BIT_CONVERSION = YES;
				GCC_WARN_ABOUT_RETURN_TYPE = YES_ERROR;
				GCC_WARN_UNDECLARED_SELECTOR = YES;
				GCC_WARN_UNINITIALIZED_AUTOS = YES_AGGRESSIVE;
				GCC_WARN_UNUSED_FUNCTION = YES;
				GCC_WARN_UNUSED_VARIABLE = YES;
				LOCALIZATION_PREFERS_STRING_CATALOGS = YES;
				MTL_ENABLE_DEBUG_INFO = NO;
				MTL_FAST_MATH = YES;
				SWIFT_COMPILATION_MODE = wholemodule;
			};
			name = Release;
		};
		9E57EB732E6CB3C500C01E7B /* Debug */ = {
			isa = XCBuildConfiguration;
			buildSettings = {
				ASSETCATALOG_COMPILER_APPICON_NAME = AppIcon;
				ASSETCATALOG_COMPILER_GLOBAL_ACCENT_COLOR_NAME = AccentColor;
				CODE_SIGN_ENTITLEMENTS = omnibin/omnibin.entitlements;
				CODE_SIGN_IDENTITY = "Apple Development";
				CODE_SIGN_STYLE = Automatic;
				CURRENT_PROJECT_VERSION = 7;
				DEVELOPMENT_TEAM = YSV22LA249;
				ENABLE_PREVIEWS = YES;
				GENERATE_INFOPLIST_FILE = YES;
				INFOPLIST_KEY_LSSupportsOpeningDocumentsInPlace = YES;
				INFOPLIST_KEY_NSPhotoLibraryAddUsageDescription = "Save downloaded images directly to your Photos library for easy access and sharing.";
				"INFOPLIST_KEY_UIApplicationSceneManifest_Generation[sdk=iphoneos*]" = YES;
				"INFOPLIST_KEY_UIApplicationSceneManifest_Generation[sdk=iphonesimulator*]" = YES;
				"INFOPLIST_KEY_UIApplicationSupportsIndirectInputEvents[sdk=iphoneos*]" = YES;
				"INFOPLIST_KEY_UIApplicationSupportsIndirectInputEvents[sdk=iphonesimulator*]" = YES;
				INFOPLIST_KEY_UIFileSharingEnabled = YES;
				INFOPLIST_KEY_UILaunchStoryboardName = LaunchScreen;
				"INFOPLIST_KEY_UIStatusBarStyle[sdk=iphoneos*]" = UIStatusBarStyleDefault;
				"INFOPLIST_KEY_UIStatusBarStyle[sdk=iphonesimulator*]" = UIStatusBarStyleDefault;
				INFOPLIST_KEY_UISupportedInterfaceOrientations = UIInterfaceOrientationPortrait;
				INFOPLIST_KEY_UISupportedInterfaceOrientations_iPad = "UIInterfaceOrientationLandscapeLeft UIInterfaceOrientationLandscapeRight UIInterfaceOrientationPortrait UIInterfaceOrientationPortraitUpsideDown";
				IPHONEOS_DEPLOYMENT_TARGET = 18.5;
				LD_RUNPATH_SEARCH_PATHS = "@executable_path/Frameworks";
				MARKETING_VERSION = 1.2;
				PRODUCT_BUNDLE_IDENTIFIER = in.omnib.omnibin;
				PRODUCT_NAME = "$(TARGET_NAME)";
				PROVISIONING_PROFILE_SPECIFIER = "";
				REGISTER_APP_GROUPS = YES;
				SDKROOT = auto;
				SUPPORTED_PLATFORMS = "iphoneos iphonesimulator";
				SWIFT_EMIT_LOC_STRINGS = YES;
				SWIFT_VERSION = 5.0;
				TARGETED_DEVICE_FAMILY = "1,2";
			};
			name = Debug;
		};
		9E57EB742E6CB3C500C01E7B /* Release */ = {
			isa = XCBuildConfiguration;
			buildSettings = {
				ASSETCATALOG_COMPILER_APPICON_NAME = AppIcon;
				ASSETCATALOG_COMPILER_GLOBAL_ACCENT_COLOR_NAME = AccentColor;
				CODE_SIGN_ENTITLEMENTS = omnibin/omnibin.entitlements;
				CODE_SIGN_IDENTITY = "Apple Development";
				CODE_SIGN_STYLE = Automatic;
				CURRENT_PROJECT_VERSION = 7;
				DEVELOPMENT_TEAM = YSV22LA249;
				ENABLE_PREVIEWS = YES;
				GENERATE_INFOPLIST_FILE = YES;
				INFOPLIST_KEY_LSSupportsOpeningDocumentsInPlace = YES;
				INFOPLIST_KEY_NSPhotoLibraryAddUsageDescription = "Save downloaded images directly to your Photos library for easy access and sharing.";
				"INFOPLIST_KEY_UIApplicationSceneManifest_Generation[sdk=iphoneos*]" = YES;
				"INFOPLIST_KEY_UIApplicationSceneManifest_Generation[sdk=iphonesimulator*]" = YES;
				"INFOPLIST_KEY_UIApplicationSupportsIndirectInputEvents[sdk=iphoneos*]" = YES;
				"INFOPLIST_KEY_UIApplicationSupportsIndirectInputEvents[sdk=iphonesimulator*]" = YES;
				INFOPLIST_KEY_UIFileSharingEnabled = YES;
				INFOPLIST_KEY_UILaunchStoryboardName = LaunchScreen;
				"INFOPLIST_KEY_UIStatusBarStyle[sdk=iphoneos*]" = UIStatusBarStyleDefault;
				"INFOPLIST_KEY_UIStatusBarStyle[sdk=iphonesimulator*]" = UIStatusBarStyleDefault;
				INFOPLIST_KEY_UISupportedInterfaceOrientations = UIInterfaceOrientationPortrait;
				INFOPLIST_KEY_UISupportedInterfaceOrientations_iPad = "UIInterfaceOrientationLandscapeLeft UIInterfaceOrientationLandscapeRight UIInterfaceOrientationPortrait UIInterfaceOrientationPortraitUpsideDown";
				IPHONEOS_DEPLOYMENT_TARGET = 18.5;
				LD_RUNPATH_SEARCH_PATHS = "@executable_path/Frameworks";
				MARKETING_VERSION = 1.2;
				PRODUCT_BUNDLE_IDENTIFIER = in.omnib.omnibin;
				PRODUCT_NAME = "$(TARGET_NAME)";
				PROVISIONING_PROFILE_SPECIFIER = "";
				REGISTER_APP_GROUPS = YES;
				SDKROOT = auto;
				SUPPORTED_PLATFORMS = "iphoneos iphonesimulator";
				SWIFT_EMIT_LOC_STRINGS = YES;
				SWIFT_VERSION = 5.0;
				TARGETED_DEVICE_FAMILY = "1,2";
			};
			name = Release;
		};
		9E57EB762E6CB3C500C01E7B /* Debug */ = {
			isa = XCBuildConfiguration;
			buildSettings = {
				BUNDLE_LOADER = "$(TEST_HOST)";
				CODE_SIGN_STYLE = Automatic;
				CURRENT_PROJECT_VERSION = 1;
				DEVELOPMENT_TEAM = YSV22LA249;
				GENERATE_INFOPLIST_FILE = YES;
				IPHONEOS_DEPLOYMENT_TARGET = 18.5;
				MACOSX_DEPLOYMENT_TARGET = 15.5;
				MARKETING_VERSION = 1.0;
				PRODUCT_BUNDLE_IDENTIFIER = in.omnib.omnibinTests;
				PRODUCT_NAME = "$(TARGET_NAME)";
				SDKROOT = auto;
				SUPPORTED_PLATFORMS = "iphoneos iphonesimulator";
				SWIFT_EMIT_LOC_STRINGS = NO;
				SWIFT_VERSION = 5.0;
				TARGETED_DEVICE_FAMILY = "1,2";
				TEST_HOST = "$(BUILT_PRODUCTS_DIR)/omnibin.app/$(BUNDLE_EXECUTABLE_FOLDER_PATH)/omnibin";
			};
			name = Debug;
		};
		9E57EB772E6CB3C500C01E7B /* Release */ = {
			isa = XCBuildConfiguration;
			buildSettings = {
				BUNDLE_LOADER = "$(TEST_HOST)";
				CODE_SIGN_STYLE = Automatic;
				CURRENT_PROJECT_VERSION = 1;
				DEVELOPMENT_TEAM = YSV22LA249;
				GENERATE_INFOPLIST_FILE = YES;
				IPHONEOS_DEPLOYMENT_TARGET = 18.5;
				MACOSX_DEPLOYMENT_TARGET = 15.5;
				MARKETING_VERSION = 1.0;
				PRODUCT_BUNDLE_IDENTIFIER = in.omnib.omnibinTests;
				PRODUCT_NAME = "$(TARGET_NAME)";
				SDKROOT = auto;
				SUPPORTED_PLATFORMS = "iphoneos iphonesimulator";
				SWIFT_EMIT_LOC_STRINGS = NO;
				SWIFT_VERSION = 5.0;
				TARGETED_DEVICE_FAMILY = "1,2";
				TEST_HOST = "$(BUILT_PRODUCTS_DIR)/omnibin.app/$(BUNDLE_EXECUTABLE_FOLDER_PATH)/omnibin";
			};
			name = Release;
		};
		9E57EB792E6CB3C500C01E7B /* Debug */ = {
			isa = XCBuildConfiguration;
			buildSettings = {
				CODE_SIGN_STYLE = Automatic;
				CURRENT_PROJECT_VERSION = 1;
				DEVELOPMENT_TEAM = YSV22LA249;
				GENERATE_INFOPLIST_FILE = YES;
				IPHONEOS_DEPLOYMENT_TARGET = 18.5;
				MACOSX_DEPLOYMENT_TARGET = 15.5;
				MARKETING_VERSION = 1.0;
				PRODUCT_BUNDLE_IDENTIFIER = in.omnib.omnibinUITests;
				PRODUCT_NAME = "$(TARGET_NAME)";
				SDKROOT = auto;
				SUPPORTED_PLATFORMS = "iphoneos iphonesimulator";
				SWIFT_EMIT_LOC_STRINGS = NO;
				SWIFT_VERSION = 5.0;
				TARGETED_DEVICE_FAMILY = "1,2";
				TEST_TARGET_NAME = omnibin;
			};
			name = Debug;
		};
		9E57EB7A2E6CB3C500C01E7B /* Release */ = {
			isa = XCBuildConfiguration;
			buildSettings = {
				CODE_SIGN_STYLE = Automatic;
				CURRENT_PROJECT_VERSION = 1;
				DEVELOPMENT_TEAM = YSV22LA249;
				GENERATE_INFOPLIST_FILE = YES;
				IPHONEOS_DEPLOYMENT_TARGET = 18.5;
				MACOSX_DEPLOYMENT_TARGET = 15.5;
				MARKETING_VERSION = 1.0;
				PRODUCT_BUNDLE_IDENTIFIER = in.omnib.omnibinUITests;
				PRODUCT_NAME = "$(TARGET_NAME)";
				SDKROOT = auto;
				SUPPORTED_PLATFORMS = "iphoneos iphonesimulator";
				SWIFT_EMIT_LOC_STRINGS = NO;
				SWIFT_VERSION = 5.0;
				TARGETED_DEVICE_FAMILY = "1,2";
				TEST_TARGET_NAME = omnibin;
			};
			name = Release;
		};
		9E679E3D2E75F6CC00B3261B /* Debug */ = {
			isa = XCBuildConfiguration;
			buildSettings = {
				CLANG_ENABLE_OBJC_WEAK = YES;
				CODE_SIGN_ENTITLEMENTS = "omnibin Share Extension/omnibin Share Extension.entitlements";
				CODE_SIGN_IDENTITY = "Apple Development";
				CODE_SIGN_STYLE = Automatic;
				CURRENT_PROJECT_VERSION = 8;
				DEVELOPMENT_TEAM = YSV22LA249;
				GENERATE_INFOPLIST_FILE = YES;
				INFOPLIST_FILE = "omnibin Share Extension/Info.plist";
				INFOPLIST_KEY_CFBundleDisplayName = "omnibin Share Extension";
				INFOPLIST_KEY_NSHumanReadableCopyright = "";
				IPHONEOS_DEPLOYMENT_TARGET = 18.5;
				LD_RUNPATH_SEARCH_PATHS = (
					"$(inherited)",
					"@executable_path/Frameworks",
					"@executable_path/../../Frameworks",
				);
				"LD_RUNPATH_SEARCH_PATHS[sdk=macosx*]" = "@executable_path/../Frameworks";
				MACOSX_DEPLOYMENT_TARGET = 15.5;
				MARKETING_VERSION = 1.2;
				PRODUCT_BUNDLE_IDENTIFIER = "in.omnib.omnibin.omnibin-Share-Extension";
				PRODUCT_NAME = "$(TARGET_NAME)";
				PROVISIONING_PROFILE_SPECIFIER = "";
				SDKROOT = auto;
				SKIP_INSTALL = YES;
				SUPPORTED_PLATFORMS = "iphoneos iphonesimulator macosx";
				SWIFT_EMIT_LOC_STRINGS = YES;
				SWIFT_VERSION = 5.0;
				TARGETED_DEVICE_FAMILY = "1,2,7";
			};
			name = Debug;
		};
		9E679E3E2E75F6CC00B3261B /* Release */ = {
			isa = XCBuildConfiguration;
			buildSettings = {
				CLANG_ENABLE_OBJC_WEAK = YES;
				CODE_SIGN_ENTITLEMENTS = "omnibin Share Extension/omnibin Share Extension.entitlements";
				CODE_SIGN_IDENTITY = "Apple Development";
				CODE_SIGN_STYLE = Automatic;
				CURRENT_PROJECT_VERSION = 8;
				DEVELOPMENT_TEAM = YSV22LA249;
				GENERATE_INFOPLIST_FILE = YES;
				INFOPLIST_FILE = "omnibin Share Extension/Info.plist";
				INFOPLIST_KEY_CFBundleDisplayName = "omnibin Share Extension";
				INFOPLIST_KEY_NSHumanReadableCopyright = "";
				IPHONEOS_DEPLOYMENT_TARGET = 18.5;
				LD_RUNPATH_SEARCH_PATHS = (
					"$(inherited)",
					"@executable_path/Frameworks",
					"@executable_path/../../Frameworks",
				);
				"LD_RUNPATH_SEARCH_PATHS[sdk=macosx*]" = "@executable_path/../Frameworks";
				MACOSX_DEPLOYMENT_TARGET = 15.5;
				MARKETING_VERSION = 1.2;
				PRODUCT_BUNDLE_IDENTIFIER = "in.omnib.omnibin.omnibin-Share-Extension";
				PRODUCT_NAME = "$(TARGET_NAME)";
				PROVISIONING_PROFILE_SPECIFIER = "";
				SDKROOT = auto;
				SKIP_INSTALL = YES;
				SUPPORTED_PLATFORMS = "iphoneos iphonesimulator macosx";
				SWIFT_EMIT_LOC_STRINGS = YES;
				SWIFT_VERSION = 5.0;
				TARGETED_DEVICE_FAMILY = "1,2,7";
				VALIDATE_PRODUCT = YES;
			};
			name = Release;
		};
/* End XCBuildConfiguration section */

/* Begin XCConfigurationList section */
		9E57EB4B2E6CB3C400C01E7B /* Build configuration list for PBXProject "omnibin" */ = {
			isa = XCConfigurationList;
			buildConfigurations = (
				9E57EB702E6CB3C500C01E7B /* Debug */,
				9E57EB712E6CB3C500C01E7B /* Release */,
			);
			defaultConfigurationIsVisible = 0;
			defaultConfigurationName = Release;
		};
		9E57EB722E6CB3C500C01E7B /* Build configuration list for PBXNativeTarget "omnibin" */ = {
			isa = XCConfigurationList;
			buildConfigurations = (
				9E57EB732E6CB3C500C01E7B /* Debug */,
				9E57EB742E6CB3C500C01E7B /* Release */,
			);
			defaultConfigurationIsVisible = 0;
			defaultConfigurationName = Release;
		};
		9E57EB752E6CB3C500C01E7B /* Build configuration list for PBXNativeTarget "omnibinTests" */ = {
			isa = XCConfigurationList;
			buildConfigurations = (
				9E57EB762E6CB3C500C01E7B /* Debug */,
				9E57EB772E6CB3C500C01E7B /* Release */,
			);
			defaultConfigurationIsVisible = 0;
			defaultConfigurationName = Release;
		};
		9E57EB782E6CB3C500C01E7B /* Build configuration list for PBXNativeTarget "omnibinUITests" */ = {
			isa = XCConfigurationList;
			buildConfigurations = (
				9E57EB792E6CB3C500C01E7B /* Debug */,
				9E57EB7A2E6CB3C500C01E7B /* Release */,
			);
			defaultConfigurationIsVisible = 0;
			defaultConfigurationName = Release;
		};
		9E679E402E75F6CC00B3261B /* Build configuration list for PBXNativeTarget "omnibin Share Extension" */ = {
			isa = XCConfigurationList;
			buildConfigurations = (
				9E679E3D2E75F6CC00B3261B /* Debug */,
				9E679E3E2E75F6CC00B3261B /* Release */,
			);
			defaultConfigurationIsVisible = 0;
			defaultConfigurationName = Release;
		};
/* End XCConfigurationList section */

/* Begin XCRemoteSwiftPackageReference section */
		9E04698C2E7169FD000F4EF3 /* XCRemoteSwiftPackageReference "Auth0" */ = {
			isa = XCRemoteSwiftPackageReference;
			repositoryURL = "https://github.com/auth0/Auth0.swift";
			requirement = {
				kind = upToNextMajorVersion;
				minimumVersion = 2.14.0;
			};
		};
/* End XCRemoteSwiftPackageReference section */

/* Begin XCSwiftPackageProductDependency section */
		9E04698D2E7169FD000F4EF3 /* Auth0 */ = {
			isa = XCSwiftPackageProductDependency;
			package = 9E04698C2E7169FD000F4EF3 /* XCRemoteSwiftPackageReference "Auth0" */;
			productName = Auth0;
		};
/* End XCSwiftPackageProductDependency section */
	};
	rootObject = 9E57EB482E6CB3C400C01E7B /* Project object */;
}
